
Microsoft Visual Studio Solution File, Format Version 12.00
# Visual Studio 15
VisualStudioVersion = 15.0.26124.0
MinimumVisualStudioVersion = 15.0.26124.0
Project("{2150E333-8FDC-42A3-9474-1A3956D46DE8}") = "src", "src", "{26CCBDA1-0811-47E7-92BA-A4749674B8E4}"
EndProject
Project("{FAE04EC0-301F-11D3-BF4B-00C04F79EFBC}") = "Booking", "src\Booking\Booking.csproj", "{70A618E2-11BC-454B-84D4-A0DE26F2D296}"
EndProject
Project("{2150E333-8FDC-42A3-9474-1A3956D46DE8}") = "test", "test", "{4E771359-5709-4FE7-A7B4-A956EC611D14}"
EndProject
Project("{FAE04EC0-301F-11D3-BF4B-00C04F79EFBC}") = "Booking.Tests", "test\Booking.Tests\Booking.Tests.csproj", "{7B3CC2C7-A8EF-4538-AD15-229794D1F16C}"
EndProject
Global
	GlobalSection(SolutionConfigurationPlatforms) = preSolution
		Debug|Any CPU = Debug|Any CPU
		Debug|x64 = Debug|x64
		Debug|x86 = Debug|x86
		Release|Any CPU = Release|Any CPU
		Release|x64 = Release|x64
		Release|x86 = Release|x86
	EndGlobalSection
	GlobalSection(SolutionProperties) = preSolution
		HideSolutionNode = FALSE
	EndGlobalSection
	GlobalSection(ProjectConfigurationPlatforms) = postSolution
		{70A618E2-11BC-454B-84D4-A0DE26F2D296}.Debug|Any CPU.ActiveCfg = Debug|Any CPU
		{70A618E2-11BC-454B-84D4-A0DE26F2D296}.Debug|Any CPU.Build.0 = Debug|Any CPU
		{70A618E2-11BC-454B-84D4-A0DE26F2D296}.Debug|x64.ActiveCfg = Debug|Any CPU
		{70A618E2-11BC-454B-84D4-A0DE26F2D296}.Debug|x64.Build.0 = Debug|Any CPU
		{70A618E2-11BC-454B-84D4-A0DE26F2D296}.Debug|x86.ActiveCfg = Debug|Any CPU
		{70A618E2-11BC-454B-84D4-A0DE26F2D296}.Debug|x86.Build.0 = Debug|Any CPU
		{70A618E2-11BC-454B-84D4-A0DE26F2D296}.Release|Any CPU.ActiveCfg = Release|Any CPU
		{70A618E2-11BC-454B-84D4-A0DE26F2D296}.Release|Any CPU.Build.0 = Release|Any CPU
		{70A618E2-11BC-454B-84D4-A0DE26F2D296}.Release|x64.ActiveCfg = Release|Any CPU
		{70A618E2-11BC-454B-84D4-A0DE26F2D296}.Release|x64.Build.0 = Release|Any CPU
		{70A618E2-11BC-454B-84D4-A0DE26F2D296}.Release|x86.ActiveCfg = Release|Any CPU
		{70A618E2-11BC-454B-84D4-A0DE26F2D296}.Release|x86.Build.0 = Release|Any CPU
		{7B3CC2C7-A8EF-4538-AD15-229794D1F16C}.Debug|Any CPU.ActiveCfg = Debug|Any CPU
		{7B3CC2C7-A8EF-4538-AD15-229794D1F16C}.Debug|Any CPU.Build.0 = Debug|Any CPU
		{7B3CC2C7-A8EF-4538-AD15-229794D1F16C}.Debug|x64.ActiveCfg = Debug|Any CPU
		{7B3CC2C7-A8EF-4538-AD15-229794D1F16C}.Debug|x64.Build.0 = Debug|Any CPU
		{7B3CC2C7-A8EF-4538-AD15-229794D1F16C}.Debug|x86.ActiveCfg = Debug|Any CPU
		{7B3CC2C7-A8EF-4538-AD15-229794D1F16C}.Debug|x86.Build.0 = Debug|Any CPU
		{7B3CC2C7-A8EF-4538-AD15-229794D1F16C}.Release|Any CPU.ActiveCfg = Release|Any CPU
		{7B3CC2C7-A8EF-4538-AD15-229794D1F16C}.Release|Any CPU.Build.0 = Release|Any CPU
		{7B3CC2C7-A8EF-4538-AD15-229794D1F16C}.Release|x64.ActiveCfg = Release|Any CPU
		{7B3CC2C7-A8EF-4538-AD15-229794D1F16C}.Release|x64.Build.0 = Release|Any CPU
		{7B3CC2C7-A8EF-4538-AD15-229794D1F16C}.Release|x86.ActiveCfg = Release|Any CPU
		{7B3CC2C7-A8EF-4538-AD15-229794D1F16C}.Release|x86.Build.0 = Release|Any CPU
	EndGlobalSection
	GlobalSection(NestedProjects) = preSolution
		{70A618E2-11BC-454B-84D4-A0DE26F2D296} = {26CCBDA1-0811-47E7-92BA-A4749674B8E4}
		{7B3CC2C7-A8EF-4538-AD15-229794D1F16C} = {4E771359-5709-4FE7-A7B4-A956EC611D14}
	EndGlobalSection
EndGlobal
