
Microsoft Visual Studio Solution File, Format Version 12.00
# Visual Studio 15
VisualStudioVersion = 15.0.26124.0
MinimumVisualStudioVersion = 15.0.26124.0
Project("{2150E333-8FDC-42A3-9474-1A3956D46DE8}") = "src", "src", "{8F79B02E-9372-4232-88FC-3DE1AF80C010}"
EndProject
Project("{FAE04EC0-301F-11D3-BF4B-00C04F79EFBC}") = "Booking", "src\Booking\Booking.csproj", "{97359721-9FD5-46BB-BAAB-348B6AA34F31}"
EndProject
Project("{2150E333-8FDC-42A3-9474-1A3956D46DE8}") = "test", "test", "{11FA2296-057A-4900-84BB-9C6FB2803B28}"
EndProject
Project("{FAE04EC0-301F-11D3-BF4B-00C04F79EFBC}") = "Booking.Tests", "test\Booking.Tests\Booking.Tests.csproj", "{DED70ACC-B1DF-47ED-A830-AB409986BDC8}"
EndProject
Global
	GlobalSection(SolutionConfigurationPlatforms) = preSolution
		Debug|Any CPU = Debug|Any CPU
		Debug|x64 = Debug|x64
		Debug|x86 = Debug|x86
		Release|Any CPU = Release|Any CPU
		Release|x64 = Release|x64
		Release|x86 = Release|x86
	EndGlobalSection
	GlobalSection(SolutionProperties) = preSolution
		HideSolutionNode = FALSE
	EndGlobalSection
	GlobalSection(ProjectConfigurationPlatforms) = postSolution
		{97359721-9FD5-46BB-BAAB-348B6AA34F31}.Debug|Any CPU.ActiveCfg = Debug|Any CPU
		{97359721-9FD5-46BB-BAAB-348B6AA34F31}.Debug|Any CPU.Build.0 = Debug|Any CPU
		{97359721-9FD5-46BB-BAAB-348B6AA34F31}.Debug|x64.ActiveCfg = Debug|Any CPU
		{97359721-9FD5-46BB-BAAB-348B6AA34F31}.Debug|x64.Build.0 = Debug|Any CPU
		{97359721-9FD5-46BB-BAAB-348B6AA34F31}.Debug|x86.ActiveCfg = Debug|Any CPU
		{97359721-9FD5-46BB-BAAB-348B6AA34F31}.Debug|x86.Build.0 = Debug|Any CPU
		{97359721-9FD5-46BB-BAAB-348B6AA34F31}.Release|Any CPU.ActiveCfg = Release|Any CPU
		{97359721-9FD5-46BB-BAAB-348B6AA34F31}.Release|Any CPU.Build.0 = Release|Any CPU
		{97359721-9FD5-46BB-BAAB-348B6AA34F31}.Release|x64.ActiveCfg = Release|Any CPU
		{97359721-9FD5-46BB-BAAB-348B6AA34F31}.Release|x64.Build.0 = Release|Any CPU
		{97359721-9FD5-46BB-BAAB-348B6AA34F31}.Release|x86.ActiveCfg = Release|Any CPU
		{97359721-9FD5-46BB-BAAB-348B6AA34F31}.Release|x86.Build.0 = Release|Any CPU
		{DED70ACC-B1DF-47ED-A830-AB409986BDC8}.Debug|Any CPU.ActiveCfg = Debug|Any CPU
		{DED70ACC-B1DF-47ED-A830-AB409986BDC8}.Debug|Any CPU.Build.0 = Debug|Any CPU
		{DED70ACC-B1DF-47ED-A830-AB409986BDC8}.Debug|x64.ActiveCfg = Debug|Any CPU
		{DED70ACC-B1DF-47ED-A830-AB409986BDC8}.Debug|x64.Build.0 = Debug|Any CPU
		{DED70ACC-B1DF-47ED-A830-AB409986BDC8}.Debug|x86.ActiveCfg = Debug|Any CPU
		{DED70ACC-B1DF-47ED-A830-AB409986BDC8}.Debug|x86.Build.0 = Debug|Any CPU
		{DED70ACC-B1DF-47ED-A830-AB409986BDC8}.Release|Any CPU.ActiveCfg = Release|Any CPU
		{DED70ACC-B1DF-47ED-A830-AB409986BDC8}.Release|Any CPU.Build.0 = Release|Any CPU
		{DED70ACC-B1DF-47ED-A830-AB409986BDC8}.Release|x64.ActiveCfg = Release|Any CPU
		{DED70ACC-B1DF-47ED-A830-AB409986BDC8}.Release|x64.Build.0 = Release|Any CPU
		{DED70ACC-B1DF-47ED-A830-AB409986BDC8}.Release|x86.ActiveCfg = Release|Any CPU
		{DED70ACC-B1DF-47ED-A830-AB409986BDC8}.Release|x86.Build.0 = Release|Any CPU
	EndGlobalSection
	GlobalSection(NestedProjects) = preSolution
		{97359721-9FD5-46BB-BAAB-348B6AA34F31} = {8F79B02E-9372-4232-88FC-3DE1AF80C010}
		{DED70ACC-B1DF-47ED-A830-AB409986BDC8} = {11FA2296-057A-4900-84BB-9C6FB2803B28}
	EndGlobalSection
EndGlobal
